
Microsoft Visual Studio Solution File, Format Version 12.00
# Visual Studio 15
VisualStudioVersion = 15.0.28307.168
MinimumVisualStudioVersion = 10.0.40219.1
Project("{FAE04EC0-301F-11D3-BF4B-00C04F79EFBC}") = "VirtualCashCard", "VirtualCashCard\VirtualCashCard.csproj", "{640A5D9C-953D-42C7-9494-A491E4FF02BD}"
EndProject
Project("{FAE04EC0-301F-11D3-BF4B-00C04F79EFBC}") = "VirtualCashCardUnitTests", "VirtualCashCardUnitTests\VirtualCashCardUnitTests.csproj", "{9B5CCF15-8CEA-438C-BAA1-724DBC1404DC}"
EndProject
Global
	GlobalSection(SolutionConfigurationPlatforms) = preSolution
		Debug|Any CPU = Debug|Any CPU
		Release|Any CPU = Release|Any CPU
	EndGlobalSection
	GlobalSection(ProjectConfigurationPlatforms) = postSolution
		{640A5D9C-953D-42C7-9494-A491E4FF02BD}.Debug|Any CPU.ActiveCfg = Debug|Any CPU
		{640A5D9C-953D-42C7-9494-A491E4FF02BD}.Debug|Any CPU.Build.0 = Debug|Any CPU
		{640A5D9C-953D-42C7-9494-A491E4FF02BD}.Release|Any CPU.ActiveCfg = Release|Any CPU
		{640A5D9C-953D-42C7-9494-A491E4FF02BD}.Release|Any CPU.Build.0 = Release|Any CPU
		{9B5CCF15-8CEA-438C-BAA1-724DBC1404DC}.Debug|Any CPU.ActiveCfg = Debug|Any CPU
		{9B5CCF15-8CEA-438C-BAA1-724DBC1404DC}.Debug|Any CPU.Build.0 = Debug|Any CPU
		{9B5CCF15-8CEA-438C-BAA1-724DBC1404DC}.Release|Any CPU.ActiveCfg = Release|Any CPU
		{9B5CCF15-8CEA-438C-BAA1-724DBC1404DC}.Release|Any CPU.Build.0 = Release|Any CPU
	EndGlobalSection
	GlobalSection(SolutionProperties) = preSolution
		HideSolutionNode = FALSE
	EndGlobalSection
	GlobalSection(ExtensibilityGlobals) = postSolution
		SolutionGuid = {45FDFEA8-1440-4054-8589-5B062F8D47DF}
	EndGlobalSection
EndGlobal
